
Microsoft Visual Studio Solution File, Format Version 12.00
# Visual Studio 15
Project("{FAE04EC0-301F-11D3-BF4B-00C04F79EFBC}") = "Assembly-CSharp", "Assembly-CSharp.csproj", "{965C9761-3278-FBB0-D220-5DC83D32CE97}"
EndProject
Global
	GlobalSection(SolutionConfigurationPlatforms) = preSolution
		Debug|Any CPU = Debug|Any CPU
		Release|Any CPU = Release|Any CPU
	EndGlobalSection
	GlobalSection(ProjectConfigurationPlatforms) = postSolution
		{965C9761-3278-FBB0-D220-5DC83D32CE97}.Debug|Any CPU.ActiveCfg = Debug|Any CPU
		{965C9761-3278-FBB0-D220-5DC83D32CE97}.Debug|Any CPU.Build.0 = Debug|Any CPU
		{965C9761-3278-FBB0-D220-5DC83D32CE97}.Release|Any CPU.ActiveCfg = Release|Any CPU
		{965C9761-3278-FBB0-D220-5DC83D32CE97}.Release|Any CPU.Build.0 = Release|Any CPU
	EndGlobalSection
	GlobalSection(SolutionProperties) = preSolution
		HideSolutionNode = FALSE
	EndGlobalSection
EndGlobal
